# This file is @generated by PDM.
# It is not intended for manual editing.

[metadata]
groups = ["default", "lint", "test", "docs"]
strategy = ["cross_platform"]
lock_version = "4.4.1"
content_hash = "sha256:db465eab43182f5944d840f7abbeaf5f10d57fc7ba991352c24e92ec8911dfb7"

[[package]]
name = "ansi2html"
version = "1.9.1"
requires_python = ">=3.7"
summary = "Convert text with ANSI color codes to HTML or to LaTeX"
files = [
    {file = "ansi2html-1.9.1-py3-none-any.whl", hash = "sha256:29ccdb1e83520d648ebdc9c9544059ea4d424ecc33d3ef723657f7f5a9ae5225"},
    {file = "ansi2html-1.9.1.tar.gz", hash = "sha256:5c6837a13ecc1903aab7a545353312049dfedfe5105362ad3a8d9d207871ec71"},
]

[[package]]
name = "astroid"
version = "3.1.0"
requires_python = ">=3.8.0"
summary = "An abstract syntax tree for Python with inference support."
dependencies = [
    "typing-extensions>=4.0.0; python_version < \"3.11\"",
]
files = [
    {file = "astroid-3.1.0-py3-none-any.whl", hash = "sha256:951798f922990137ac090c53af473db7ab4e70c770e6d7fae0cec59f74411819"},
    {file = "astroid-3.1.0.tar.gz", hash = "sha256:ac248253bfa4bd924a0de213707e7ebeeb3138abeb48d798784ead1e56d419d4"},
]

[[package]]
name = "astunparse"
version = "1.6.3"
summary = "An AST unparser for Python"
dependencies = [
    "six<2.0,>=1.6.1",
    "wheel<1.0,>=0.23.0",
]
files = [
    {file = "astunparse-1.6.3-py2.py3-none-any.whl", hash = "sha256:c2652417f2c8b5bb325c885ae329bdf3f86424075c4fd1a128674bc6fba4b8e8"},
    {file = "astunparse-1.6.3.tar.gz", hash = "sha256:5ad93a8456f0d084c3456d059fd9a92cce667963232cbf763eac3bc5b7940872"},
]

[[package]]
name = "basedpyright"
version = "1.8.0"
requires_python = ">=3.8"
git = "https://github.com/DetachHead/basedpyright"
ref = "50e4a901e9348fc2ad6d255a430994811178665f"
revision = "50e4a901e9348fc2ad6d255a430994811178665f"
summary = "static type checking for Python (but based)"
dependencies = [
    "nodejs-bin>=18.4.0a4",
]

[[package]]
name = "basedtyping"
version = "0.1.3"
requires_python = ">=3.8,<4.0"
summary = "Utilities for basedmypy"
dependencies = [
    "typing-extensions<5.0,>=4.1",
]
files = [
    {file = "basedtyping-0.1.3-py3-none-any.whl", hash = "sha256:cf5b27ba62b463bd8931098194b8c27baf7a28d72421c7b8382a60380d82fa08"},
    {file = "basedtyping-0.1.3.tar.gz", hash = "sha256:0e89fb79fbcc124898de6990267c0600fb0506ce2f1f4e8de9999a798a375962"},
]

[[package]]
name = "click"
version = "8.1.7"
requires_python = ">=3.7"
summary = "Composable command line interface toolkit"
dependencies = [
    "colorama; platform_system == \"Windows\"",
]
files = [
    {file = "click-8.1.7-py3-none-any.whl", hash = "sha256:ae74fb96c20a0277a1d615f1e4d73c8414f5a98db8b799a7931d1582f3390c28"},
    {file = "click-8.1.7.tar.gz", hash = "sha256:ca9853ad459e787e2192211578cc907e7594e294c7ccc834310722b41b9ca6de"},
]

[[package]]
name = "colorama"
version = "0.4.6"
requires_python = "!=3.0.*,!=3.1.*,!=3.2.*,!=3.3.*,!=3.4.*,!=3.5.*,!=3.6.*,>=2.7"
summary = "Cross-platform colored terminal text."
files = [
    {file = "colorama-0.4.6-py2.py3-none-any.whl", hash = "sha256:4f1d9991f5acc0ca119f9d443620b77f9d6b33703e51011c16baf57afb285fc6"},
    {file = "colorama-0.4.6.tar.gz", hash = "sha256:08695f5cb7ed6e0531a20572697297273c47b8cae5a63ffc6d6ed5c201be6e44"},
]

[[package]]
name = "dill"
version = "0.3.7"
requires_python = ">=3.7"
summary = "serialize all of Python"
files = [
    {file = "dill-0.3.7-py3-none-any.whl", hash = "sha256:76b122c08ef4ce2eedcd4d1abd8e641114bfc6c2867f49f3c41facf65bf19f5e"},
    {file = "dill-0.3.7.tar.gz", hash = "sha256:cc1c8b182eb3013e24bd475ff2e9295af86c1a38eb1aff128dac8962a9ce3c03"},
]

[[package]]
name = "exceptiongroup"
version = "1.1.3"
requires_python = ">=3.7"
summary = "Backport of PEP 654 (exception groups)"
files = [
    {file = "exceptiongroup-1.1.3-py3-none-any.whl", hash = "sha256:343280667a4585d195ca1cf9cef84a4e178c4b6cf2274caef9859782b567d5e3"},
    {file = "exceptiongroup-1.1.3.tar.gz", hash = "sha256:097acd85d473d75af5bb98e41b61ff7fe35efe6675e4f9370ec6ec5126d160e9"},
]

[[package]]
name = "execnet"
version = "2.0.2"
requires_python = ">=3.7"
summary = "execnet: rapid multi-Python deployment"
files = [
    {file = "execnet-2.0.2-py3-none-any.whl", hash = "sha256:88256416ae766bc9e8895c76a87928c0012183da3cc4fc18016e6f050e025f41"},
    {file = "execnet-2.0.2.tar.gz", hash = "sha256:cc59bc4423742fd71ad227122eb0dd44db51efb3dc4095b45ac9a08c770096af"},
]

[[package]]
name = "iniconfig"
version = "2.0.0"
requires_python = ">=3.7"
summary = "brain-dead simple config-ini parsing"
files = [
    {file = "iniconfig-2.0.0-py3-none-any.whl", hash = "sha256:b6a85871a79d2e3b22d2d1b94ac2824226a63c6b741c88f7ae975f18b6778374"},
    {file = "iniconfig-2.0.0.tar.gz", hash = "sha256:2d91e135bf72d31a410b17c16da610a82cb55f6b0477d1a902134b24a455b8b3"},
]

[[package]]
name = "isort"
version = "5.12.0"
requires_python = ">=3.8.0"
summary = "A Python utility / library to sort Python imports."
files = [
    {file = "isort-5.12.0-py3-none-any.whl", hash = "sha256:f84c2818376e66cf843d497486ea8fed8700b340f308f076c6fb1229dff318b6"},
    {file = "isort-5.12.0.tar.gz", hash = "sha256:8bef7dde241278824a6d83f44a544709b065191b95b6e50894bdc722fcba0504"},
]

[[package]]
name = "jinja2"
version = "3.1.3"
requires_python = ">=3.7"
summary = "A very fast and expressive template engine."
dependencies = [
    "MarkupSafe>=2.0",
]
files = [
    {file = "Jinja2-3.1.3-py3-none-any.whl", hash = "sha256:7d6d50dd97d52cbc355597bd845fabfbac3f551e1f99619e39a35ce8c370b5fa"},
    {file = "Jinja2-3.1.3.tar.gz", hash = "sha256:ac8bd6544d4bb2c9792bf3a159e80bba8fda7f07e81bc3aed565432d5925ba90"},
]

[[package]]
name = "lxml"
version = "5.2.1"
requires_python = ">=3.6"
summary = "Powerful and Pythonic XML processing library combining libxml2/libxslt with the ElementTree API."
files = [
    {file = "lxml-5.2.1-cp310-cp310-macosx_10_9_universal2.whl", hash = "sha256:1f7785f4f789fdb522729ae465adcaa099e2a3441519df750ebdccc481d961a1"},
    {file = "lxml-5.2.1-cp310-cp310-macosx_10_9_x86_64.whl", hash = "sha256:6cc6ee342fb7fa2471bd9b6d6fdfc78925a697bf5c2bcd0a302e98b0d35bfad3"},
    {file = "lxml-5.2.1-cp310-cp310-manylinux_2_12_i686.manylinux2010_i686.manylinux_2_17_i686.manylinux2014_i686.whl", hash = "sha256:794f04eec78f1d0e35d9e0c36cbbb22e42d370dda1609fb03bcd7aeb458c6377"},
    {file = "lxml-5.2.1-cp310-cp310-manylinux_2_17_aarch64.manylinux2014_aarch64.whl", hash = "sha256:c817d420c60a5183953c783b0547d9eb43b7b344a2c46f69513d5952a78cddf3"},
    {file = "lxml-5.2.1-cp310-cp310-manylinux_2_17_ppc64le.manylinux2014_ppc64le.whl", hash = "sha256:2213afee476546a7f37c7a9b4ad4d74b1e112a6fafffc9185d6d21f043128c81"},
    {file = "lxml-5.2.1-cp310-cp310-manylinux_2_17_s390x.manylinux2014_s390x.whl", hash = "sha256:b070bbe8d3f0f6147689bed981d19bbb33070225373338df755a46893528104a"},
    {file = "lxml-5.2.1-cp310-cp310-manylinux_2_17_x86_64.manylinux2014_x86_64.whl", hash = "sha256:e02c5175f63effbd7c5e590399c118d5db6183bbfe8e0d118bdb5c2d1b48d937"},
    {file = "lxml-5.2.1-cp310-cp310-manylinux_2_28_aarch64.whl", hash = "sha256:3dc773b2861b37b41a6136e0b72a1a44689a9c4c101e0cddb6b854016acc0aa8"},
    {file = "lxml-5.2.1-cp310-cp310-manylinux_2_28_ppc64le.whl", hash = "sha256:d7520db34088c96cc0e0a3ad51a4fd5b401f279ee112aa2b7f8f976d8582606d"},
    {file = "lxml-5.2.1-cp310-cp310-manylinux_2_28_s390x.whl", hash = "sha256:bcbf4af004f98793a95355980764b3d80d47117678118a44a80b721c9913436a"},
    {file = "lxml-5.2.1-cp310-cp310-manylinux_2_28_x86_64.whl", hash = "sha256:a2b44bec7adf3e9305ce6cbfa47a4395667e744097faed97abb4728748ba7d47"},
    {file = "lxml-5.2.1-cp310-cp310-musllinux_1_1_aarch64.whl", hash = "sha256:1c5bb205e9212d0ebddf946bc07e73fa245c864a5f90f341d11ce7b0b854475d"},
    {file = "lxml-5.2.1-cp310-cp310-musllinux_1_1_ppc64le.whl", hash = "sha256:2c9d147f754b1b0e723e6afb7ba1566ecb162fe4ea657f53d2139bbf894d050a"},
    {file = "lxml-5.2.1-cp310-cp310-musllinux_1_1_s390x.whl", hash = "sha256:3545039fa4779be2df51d6395e91a810f57122290864918b172d5dc7ca5bb433"},
    {file = "lxml-5.2.1-cp310-cp310-musllinux_1_1_x86_64.whl", hash = "sha256:a91481dbcddf1736c98a80b122afa0f7296eeb80b72344d7f45dc9f781551f56"},
    {file = "lxml-5.2.1-cp310-cp310-musllinux_1_2_aarch64.whl", hash = "sha256:2ddfe41ddc81f29a4c44c8ce239eda5ade4e7fc305fb7311759dd6229a080052"},
    {file = "lxml-5.2.1-cp310-cp310-musllinux_1_2_ppc64le.whl", hash = "sha256:a7baf9ffc238e4bf401299f50e971a45bfcc10a785522541a6e3179c83eabf0a"},
    {file = "lxml-5.2.1-cp310-cp310-musllinux_1_2_s390x.whl", hash = "sha256:31e9a882013c2f6bd2f2c974241bf4ba68c85eba943648ce88936d23209a2e01"},
    {file = "lxml-5.2.1-cp310-cp310-musllinux_1_2_x86_64.whl", hash = "sha256:0a15438253b34e6362b2dc41475e7f80de76320f335e70c5528b7148cac253a1"},
    {file = "lxml-5.2.1-cp310-cp310-win32.whl", hash = "sha256:6992030d43b916407c9aa52e9673612ff39a575523c5f4cf72cdef75365709a5"},
    {file = "lxml-5.2.1-cp310-cp310-win_amd64.whl", hash = "sha256:da052e7962ea2d5e5ef5bc0355d55007407087392cf465b7ad84ce5f3e25fe0f"},
    {file = "lxml-5.2.1-cp311-cp311-macosx_10_9_universal2.whl", hash = "sha256:70ac664a48aa64e5e635ae5566f5227f2ab7f66a3990d67566d9907edcbbf867"},
    {file = "lxml-5.2.1-cp311-cp311-macosx_10_9_x86_64.whl", hash = "sha256:1ae67b4e737cddc96c99461d2f75d218bdf7a0c3d3ad5604d1f5e7464a2f9ffe"},
    {file = "lxml-5.2.1-cp311-cp311-manylinux_2_12_i686.manylinux2010_i686.manylinux_2_17_i686.manylinux2014_i686.whl", hash = "sha256:f18a5a84e16886898e51ab4b1d43acb3083c39b14c8caeb3589aabff0ee0b270"},
    {file = "lxml-5.2.1-cp311-cp311-manylinux_2_17_aarch64.manylinux2014_aarch64.whl", hash = "sha256:c6f2c8372b98208ce609c9e1d707f6918cc118fea4e2c754c9f0812c04ca116d"},
    {file = "lxml-5.2.1-cp311-cp311-manylinux_2_17_ppc64le.manylinux2014_ppc64le.whl", hash = "sha256:394ed3924d7a01b5bd9a0d9d946136e1c2f7b3dc337196d99e61740ed4bc6fe1"},
    {file = "lxml-5.2.1-cp311-cp311-manylinux_2_17_s390x.manylinux2014_s390x.whl", hash = "sha256:5d077bc40a1fe984e1a9931e801e42959a1e6598edc8a3223b061d30fbd26bbc"},
    {file = "lxml-5.2.1-cp311-cp311-manylinux_2_17_x86_64.manylinux2014_x86_64.whl", hash = "sha256:764b521b75701f60683500d8621841bec41a65eb739b8466000c6fdbc256c240"},
    {file = "lxml-5.2.1-cp311-cp311-manylinux_2_28_aarch64.whl", hash = "sha256:3a6b45da02336895da82b9d472cd274b22dc27a5cea1d4b793874eead23dd14f"},
    {file = "lxml-5.2.1-cp311-cp311-manylinux_2_28_ppc64le.whl", hash = "sha256:5ea7b6766ac2dfe4bcac8b8595107665a18ef01f8c8343f00710b85096d1b53a"},
    {file = "lxml-5.2.1-cp311-cp311-manylinux_2_28_s390x.whl", hash = "sha256:e196a4ff48310ba62e53a8e0f97ca2bca83cdd2fe2934d8b5cb0df0a841b193a"},
    {file = "lxml-5.2.1-cp311-cp311-manylinux_2_28_x86_64.whl", hash = "sha256:200e63525948e325d6a13a76ba2911f927ad399ef64f57898cf7c74e69b71095"},
    {file = "lxml-5.2.1-cp311-cp311-musllinux_1_1_aarch64.whl", hash = "sha256:dae0ed02f6b075426accbf6b2863c3d0a7eacc1b41fb40f2251d931e50188dad"},
    {file = "lxml-5.2.1-cp311-cp311-musllinux_1_1_ppc64le.whl", hash = "sha256:ab31a88a651039a07a3ae327d68ebdd8bc589b16938c09ef3f32a4b809dc96ef"},
    {file = "lxml-5.2.1-cp311-cp311-musllinux_1_1_s390x.whl", hash = "sha256:df2e6f546c4df14bc81f9498bbc007fbb87669f1bb707c6138878c46b06f6510"},
    {file = "lxml-5.2.1-cp311-cp311-musllinux_1_1_x86_64.whl", hash = "sha256:5dd1537e7cc06efd81371f5d1a992bd5ab156b2b4f88834ca852de4a8ea523fa"},
    {file = "lxml-5.2.1-cp311-cp311-musllinux_1_2_aarch64.whl", hash = "sha256:9b9ec9c9978b708d488bec36b9e4c94d88fd12ccac3e62134a9d17ddba910ea9"},
    {file = "lxml-5.2.1-cp311-cp311-musllinux_1_2_ppc64le.whl", hash = "sha256:8e77c69d5892cb5ba71703c4057091e31ccf534bd7f129307a4d084d90d014b8"},
    {file = "lxml-5.2.1-cp311-cp311-musllinux_1_2_s390x.whl", hash = "sha256:a8d5c70e04aac1eda5c829a26d1f75c6e5286c74743133d9f742cda8e53b9c2f"},
    {file = "lxml-5.2.1-cp311-cp311-musllinux_1_2_x86_64.whl", hash = "sha256:c94e75445b00319c1fad60f3c98b09cd63fe1134a8a953dcd48989ef42318534"},
    {file = "lxml-5.2.1-cp311-cp311-win32.whl", hash = "sha256:4951e4f7a5680a2db62f7f4ab2f84617674d36d2d76a729b9a8be4b59b3659be"},
    {file = "lxml-5.2.1-cp311-cp311-win_amd64.whl", hash = "sha256:5c670c0406bdc845b474b680b9a5456c561c65cf366f8db5a60154088c92d102"},
    {file = "lxml-5.2.1-cp312-cp312-macosx_10_9_universal2.whl", hash = "sha256:abc25c3cab9ec7fcd299b9bcb3b8d4a1231877e425c650fa1c7576c5107ab851"},
    {file = "lxml-5.2.1-cp312-cp312-macosx_10_9_x86_64.whl", hash = "sha256:6935bbf153f9a965f1e07c2649c0849d29832487c52bb4a5c5066031d8b44fd5"},
    {file = "lxml-5.2.1-cp312-cp312-manylinux_2_12_i686.manylinux2010_i686.manylinux_2_17_i686.manylinux2014_i686.whl", hash = "sha256:d793bebb202a6000390a5390078e945bbb49855c29c7e4d56a85901326c3b5d9"},
    {file = "lxml-5.2.1-cp312-cp312-manylinux_2_17_aarch64.manylinux2014_aarch64.whl", hash = "sha256:afd5562927cdef7c4f5550374acbc117fd4ecc05b5007bdfa57cc5355864e0a4"},
    {file = "lxml-5.2.1-cp312-cp312-manylinux_2_17_ppc64le.manylinux2014_ppc64le.whl", hash = "sha256:0e7259016bc4345a31af861fdce942b77c99049d6c2107ca07dc2bba2435c1d9"},
    {file = "lxml-5.2.1-cp312-cp312-manylinux_2_17_s390x.manylinux2014_s390x.whl", hash = "sha256:530e7c04f72002d2f334d5257c8a51bf409db0316feee7c87e4385043be136af"},
    {file = "lxml-5.2.1-cp312-cp312-manylinux_2_17_x86_64.manylinux2014_x86_64.whl", hash = "sha256:59689a75ba8d7ffca577aefd017d08d659d86ad4585ccc73e43edbfc7476781a"},
    {file = "lxml-5.2.1-cp312-cp312-manylinux_2_28_aarch64.whl", hash = "sha256:f9737bf36262046213a28e789cc82d82c6ef19c85a0cf05e75c670a33342ac2c"},
    {file = "lxml-5.2.1-cp312-cp312-manylinux_2_28_ppc64le.whl", hash = "sha256:3a74c4f27167cb95c1d4af1c0b59e88b7f3e0182138db2501c353555f7ec57f4"},
    {file = "lxml-5.2.1-cp312-cp312-manylinux_2_28_s390x.whl", hash = "sha256:68a2610dbe138fa8c5826b3f6d98a7cfc29707b850ddcc3e21910a6fe51f6ca0"},
    {file = "lxml-5.2.1-cp312-cp312-manylinux_2_28_x86_64.whl", hash = "sha256:f0a1bc63a465b6d72569a9bba9f2ef0334c4e03958e043da1920299100bc7c08"},
    {file = "lxml-5.2.1-cp312-cp312-musllinux_1_1_aarch64.whl", hash = "sha256:c2d35a1d047efd68027817b32ab1586c1169e60ca02c65d428ae815b593e65d4"},
    {file = "lxml-5.2.1-cp312-cp312-musllinux_1_1_ppc64le.whl", hash = "sha256:79bd05260359170f78b181b59ce871673ed01ba048deef4bf49a36ab3e72e80b"},
    {file = "lxml-5.2.1-cp312-cp312-musllinux_1_1_s390x.whl", hash = "sha256:865bad62df277c04beed9478fe665b9ef63eb28fe026d5dedcb89b537d2e2ea6"},
    {file = "lxml-5.2.1-cp312-cp312-musllinux_1_1_x86_64.whl", hash = "sha256:44f6c7caff88d988db017b9b0e4ab04934f11e3e72d478031efc7edcac6c622f"},
    {file = "lxml-5.2.1-cp312-cp312-musllinux_1_2_aarch64.whl", hash = "sha256:71e97313406ccf55d32cc98a533ee05c61e15d11b99215b237346171c179c0b0"},
    {file = "lxml-5.2.1-cp312-cp312-musllinux_1_2_ppc64le.whl", hash = "sha256:057cdc6b86ab732cf361f8b4d8af87cf195a1f6dc5b0ff3de2dced242c2015e0"},
    {file = "lxml-5.2.1-cp312-cp312-musllinux_1_2_s390x.whl", hash = "sha256:f3bbbc998d42f8e561f347e798b85513ba4da324c2b3f9b7969e9c45b10f6169"},
    {file = "lxml-5.2.1-cp312-cp312-musllinux_1_2_x86_64.whl", hash = "sha256:491755202eb21a5e350dae00c6d9a17247769c64dcf62d8c788b5c135e179dc4"},
    {file = "lxml-5.2.1-cp312-cp312-win32.whl", hash = "sha256:8de8f9d6caa7f25b204fc861718815d41cbcf27ee8f028c89c882a0cf4ae4134"},
    {file = "lxml-5.2.1-cp312-cp312-win_amd64.whl", hash = "sha256:f2a9efc53d5b714b8df2b4b3e992accf8ce5bbdfe544d74d5c6766c9e1146a3a"},
    {file = "lxml-5.2.1-cp38-cp38-macosx_10_9_universal2.whl", hash = "sha256:3e183c6e3298a2ed5af9d7a356ea823bccaab4ec2349dc9ed83999fd289d14d5"},
    {file = "lxml-5.2.1-cp38-cp38-macosx_10_9_x86_64.whl", hash = "sha256:804f74efe22b6a227306dd890eecc4f8c59ff25ca35f1f14e7482bbce96ef10b"},
    {file = "lxml-5.2.1-cp38-cp38-manylinux_2_12_i686.manylinux2010_i686.manylinux_2_17_i686.manylinux2014_i686.whl", hash = "sha256:08802f0c56ed150cc6885ae0788a321b73505d2263ee56dad84d200cab11c07a"},
    {file = "lxml-5.2.1-cp38-cp38-manylinux_2_17_aarch64.manylinux2014_aarch64.whl", hash = "sha256:0f8c09ed18ecb4ebf23e02b8e7a22a05d6411911e6fabef3a36e4f371f4f2585"},
    {file = "lxml-5.2.1-cp38-cp38-manylinux_2_17_x86_64.manylinux2014_x86_64.whl", hash = "sha256:e3d30321949861404323c50aebeb1943461a67cd51d4200ab02babc58bd06a86"},
    {file = "lxml-5.2.1-cp38-cp38-manylinux_2_28_aarch64.whl", hash = "sha256:b560e3aa4b1d49e0e6c847d72665384db35b2f5d45f8e6a5c0072e0283430533"},
    {file = "lxml-5.2.1-cp38-cp38-manylinux_2_28_x86_64.whl", hash = "sha256:058a1308914f20784c9f4674036527e7c04f7be6fb60f5d61353545aa7fcb739"},
    {file = "lxml-5.2.1-cp38-cp38-musllinux_1_1_aarch64.whl", hash = "sha256:adfb84ca6b87e06bc6b146dc7da7623395db1e31621c4785ad0658c5028b37d7"},
    {file = "lxml-5.2.1-cp38-cp38-musllinux_1_1_ppc64le.whl", hash = "sha256:417d14450f06d51f363e41cace6488519038f940676ce9664b34ebf5653433a5"},
    {file = "lxml-5.2.1-cp38-cp38-musllinux_1_1_s390x.whl", hash = "sha256:a2dfe7e2473f9b59496247aad6e23b405ddf2e12ef0765677b0081c02d6c2c0b"},
    {file = "lxml-5.2.1-cp38-cp38-musllinux_1_1_x86_64.whl", hash = "sha256:bf2e2458345d9bffb0d9ec16557d8858c9c88d2d11fed53998512504cd9df49b"},
    {file = "lxml-5.2.1-cp38-cp38-musllinux_1_2_aarch64.whl", hash = "sha256:58278b29cb89f3e43ff3e0c756abbd1518f3ee6adad9e35b51fb101c1c1daaec"},
    {file = "lxml-5.2.1-cp38-cp38-musllinux_1_2_ppc64le.whl", hash = "sha256:64641a6068a16201366476731301441ce93457eb8452056f570133a6ceb15fca"},
    {file = "lxml-5.2.1-cp38-cp38-musllinux_1_2_s390x.whl", hash = "sha256:78bfa756eab503673991bdcf464917ef7845a964903d3302c5f68417ecdc948c"},
    {file = "lxml-5.2.1-cp38-cp38-musllinux_1_2_x86_64.whl", hash = "sha256:11a04306fcba10cd9637e669fd73aa274c1c09ca64af79c041aa820ea992b637"},
    {file = "lxml-5.2.1-cp38-cp38-win32.whl", hash = "sha256:66bc5eb8a323ed9894f8fa0ee6cb3e3fb2403d99aee635078fd19a8bc7a5a5da"},
    {file = "lxml-5.2.1-cp38-cp38-win_amd64.whl", hash = "sha256:9676bfc686fa6a3fa10cd4ae6b76cae8be26eb5ec6811d2a325636c460da1806"},
    {file = "lxml-5.2.1-cp39-cp39-macosx_10_9_universal2.whl", hash = "sha256:cf22b41fdae514ee2f1691b6c3cdeae666d8b7fa9434de445f12bbeee0cf48dd"},
    {file = "lxml-5.2.1-cp39-cp39-macosx_10_9_x86_64.whl", hash = "sha256:ec42088248c596dbd61d4ae8a5b004f97a4d91a9fd286f632e42e60b706718d7"},
    {file = "lxml-5.2.1-cp39-cp39-manylinux_2_12_i686.manylinux2010_i686.manylinux_2_17_i686.manylinux2014_i686.whl", hash = "sha256:cd53553ddad4a9c2f1f022756ae64abe16da1feb497edf4d9f87f99ec7cf86bd"},
    {file = "lxml-5.2.1-cp39-cp39-manylinux_2_17_aarch64.manylinux2014_aarch64.whl", hash = "sha256:feaa45c0eae424d3e90d78823f3828e7dc42a42f21ed420db98da2c4ecf0a2cb"},
    {file = "lxml-5.2.1-cp39-cp39-manylinux_2_17_ppc64le.manylinux2014_ppc64le.whl", hash = "sha256:ddc678fb4c7e30cf830a2b5a8d869538bc55b28d6c68544d09c7d0d8f17694dc"},
    {file = "lxml-5.2.1-cp39-cp39-manylinux_2_17_s390x.manylinux2014_s390x.whl", hash = "sha256:853e074d4931dbcba7480d4dcab23d5c56bd9607f92825ab80ee2bd916edea53"},
    {file = "lxml-5.2.1-cp39-cp39-manylinux_2_17_x86_64.manylinux2014_x86_64.whl", hash = "sha256:cc4691d60512798304acb9207987e7b2b7c44627ea88b9d77489bbe3e6cc3bd4"},
    {file = "lxml-5.2.1-cp39-cp39-manylinux_2_28_aarch64.whl", hash = "sha256:beb72935a941965c52990f3a32d7f07ce869fe21c6af8b34bf6a277b33a345d3"},
    {file = "lxml-5.2.1-cp39-cp39-manylinux_2_28_ppc64le.whl", hash = "sha256:6588c459c5627fefa30139be4d2e28a2c2a1d0d1c265aad2ba1935a7863a4913"},
    {file = "lxml-5.2.1-cp39-cp39-manylinux_2_28_s390x.whl", hash = "sha256:588008b8497667f1ddca7c99f2f85ce8511f8f7871b4a06ceede68ab62dff64b"},
    {file = "lxml-5.2.1-cp39-cp39-manylinux_2_28_x86_64.whl", hash = "sha256:b6787b643356111dfd4032b5bffe26d2f8331556ecb79e15dacb9275da02866e"},
    {file = "lxml-5.2.1-cp39-cp39-musllinux_1_1_aarch64.whl", hash = "sha256:7c17b64b0a6ef4e5affae6a3724010a7a66bda48a62cfe0674dabd46642e8b54"},
    {file = "lxml-5.2.1-cp39-cp39-musllinux_1_1_ppc64le.whl", hash = "sha256:27aa20d45c2e0b8cd05da6d4759649170e8dfc4f4e5ef33a34d06f2d79075d57"},
    {file = "lxml-5.2.1-cp39-cp39-musllinux_1_1_s390x.whl", hash = "sha256:d4f2cc7060dc3646632d7f15fe68e2fa98f58e35dd5666cd525f3b35d3fed7f8"},
    {file = "lxml-5.2.1-cp39-cp39-musllinux_1_1_x86_64.whl", hash = "sha256:ff46d772d5f6f73564979cd77a4fffe55c916a05f3cb70e7c9c0590059fb29ef"},
    {file = "lxml-5.2.1-cp39-cp39-musllinux_1_2_aarch64.whl", hash = "sha256:96323338e6c14e958d775700ec8a88346014a85e5de73ac7967db0367582049b"},
    {file = "lxml-5.2.1-cp39-cp39-musllinux_1_2_ppc64le.whl", hash = "sha256:52421b41ac99e9d91934e4d0d0fe7da9f02bfa7536bb4431b4c05c906c8c6919"},
    {file = "lxml-5.2.1-cp39-cp39-musllinux_1_2_s390x.whl", hash = "sha256:7a7efd5b6d3e30d81ec68ab8a88252d7c7c6f13aaa875009fe3097eb4e30b84c"},
    {file = "lxml-5.2.1-cp39-cp39-musllinux_1_2_x86_64.whl", hash = "sha256:0ed777c1e8c99b63037b91f9d73a6aad20fd035d77ac84afcc205225f8f41188"},
    {file = "lxml-5.2.1-cp39-cp39-win32.whl", hash = "sha256:644df54d729ef810dcd0f7732e50e5ad1bd0a135278ed8d6bcb06f33b6b6f708"},
    {file = "lxml-5.2.1-cp39-cp39-win_amd64.whl", hash = "sha256:9ca66b8e90daca431b7ca1408cae085d025326570e57749695d6a01454790e95"},
    {file = "lxml-5.2.1-pp310-pypy310_pp73-macosx_10_9_x86_64.whl", hash = "sha256:9b0ff53900566bc6325ecde9181d89afadc59c5ffa39bddf084aaedfe3b06a11"},
    {file = "lxml-5.2.1-pp310-pypy310_pp73-manylinux_2_17_aarch64.manylinux2014_aarch64.whl", hash = "sha256:fd6037392f2d57793ab98d9e26798f44b8b4da2f2464388588f48ac52c489ea1"},
    {file = "lxml-5.2.1-pp310-pypy310_pp73-manylinux_2_17_x86_64.manylinux2014_x86_64.whl", hash = "sha256:8b9c07e7a45bb64e21df4b6aa623cb8ba214dfb47d2027d90eac197329bb5e94"},
    {file = "lxml-5.2.1-pp310-pypy310_pp73-manylinux_2_28_aarch64.whl", hash = "sha256:3249cc2989d9090eeac5467e50e9ec2d40704fea9ab72f36b034ea34ee65ca98"},
    {file = "lxml-5.2.1-pp310-pypy310_pp73-manylinux_2_28_x86_64.whl", hash = "sha256:f42038016852ae51b4088b2862126535cc4fc85802bfe30dea3500fdfaf1864e"},
    {file = "lxml-5.2.1-pp310-pypy310_pp73-win_amd64.whl", hash = "sha256:533658f8fbf056b70e434dff7e7aa611bcacb33e01f75de7f821810e48d1bb66"},
    {file = "lxml-5.2.1-pp37-pypy37_pp73-macosx_10_9_x86_64.whl", hash = "sha256:622020d4521e22fb371e15f580d153134bfb68d6a429d1342a25f051ec72df1c"},
    {file = "lxml-5.2.1-pp37-pypy37_pp73-manylinux_2_17_aarch64.manylinux2014_aarch64.whl", hash = "sha256:efa7b51824aa0ee957ccd5a741c73e6851de55f40d807f08069eb4c5a26b2baa"},
    {file = "lxml-5.2.1-pp37-pypy37_pp73-manylinux_2_17_x86_64.manylinux2014_x86_64.whl", hash = "sha256:9c6ad0fbf105f6bcc9300c00010a2ffa44ea6f555df1a2ad95c88f5656104817"},
    {file = "lxml-5.2.1-pp37-pypy37_pp73-manylinux_2_28_aarch64.whl", hash = "sha256:e233db59c8f76630c512ab4a4daf5a5986da5c3d5b44b8e9fc742f2a24dbd460"},
    {file = "lxml-5.2.1-pp37-pypy37_pp73-manylinux_2_28_x86_64.whl", hash = "sha256:6a014510830df1475176466b6087fc0c08b47a36714823e58d8b8d7709132a96"},
    {file = "lxml-5.2.1-pp37-pypy37_pp73-win_amd64.whl", hash = "sha256:d38c8f50ecf57f0463399569aa388b232cf1a2ffb8f0a9a5412d0db57e054860"},
    {file = "lxml-5.2.1-pp38-pypy38_pp73-macosx_10_9_x86_64.whl", hash = "sha256:5aea8212fb823e006b995c4dda533edcf98a893d941f173f6c9506126188860d"},
    {file = "lxml-5.2.1-pp38-pypy38_pp73-manylinux_2_17_aarch64.manylinux2014_aarch64.whl", hash = "sha256:ff097ae562e637409b429a7ac958a20aab237a0378c42dabaa1e3abf2f896e5f"},
    {file = "lxml-5.2.1-pp38-pypy38_pp73-manylinux_2_17_x86_64.manylinux2014_x86_64.whl", hash = "sha256:0f5d65c39f16717a47c36c756af0fb36144069c4718824b7533f803ecdf91138"},
    {file = "lxml-5.2.1-pp38-pypy38_pp73-manylinux_2_28_aarch64.whl", hash = "sha256:3d0c3dd24bb4605439bf91068598d00c6370684f8de4a67c2992683f6c309d6b"},
    {file = "lxml-5.2.1-pp38-pypy38_pp73-manylinux_2_28_x86_64.whl", hash = "sha256:e32be23d538753a8adb6c85bd539f5fd3b15cb987404327c569dfc5fd8366e85"},
    {file = "lxml-5.2.1-pp38-pypy38_pp73-win_amd64.whl", hash = "sha256:cc518cea79fd1e2f6c90baafa28906d4309d24f3a63e801d855e7424c5b34144"},
    {file = "lxml-5.2.1-pp39-pypy39_pp73-macosx_10_9_x86_64.whl", hash = "sha256:a0af35bd8ebf84888373630f73f24e86bf016642fb8576fba49d3d6b560b7cbc"},
    {file = "lxml-5.2.1-pp39-pypy39_pp73-manylinux_2_17_aarch64.manylinux2014_aarch64.whl", hash = "sha256:f8aca2e3a72f37bfc7b14ba96d4056244001ddcc18382bd0daa087fd2e68a354"},
    {file = "lxml-5.2.1-pp39-pypy39_pp73-manylinux_2_17_x86_64.manylinux2014_x86_64.whl", hash = "sha256:5ca1e8188b26a819387b29c3895c47a5e618708fe6f787f3b1a471de2c4a94d9"},
    {file = "lxml-5.2.1-pp39-pypy39_pp73-manylinux_2_28_aarch64.whl", hash = "sha256:c8ba129e6d3b0136a0f50345b2cb3db53f6bda5dd8c7f5d83fbccba97fb5dcb5"},
    {file = "lxml-5.2.1-pp39-pypy39_pp73-manylinux_2_28_x86_64.whl", hash = "sha256:e998e304036198b4f6914e6a1e2b6f925208a20e2042563d9734881150c6c246"},
    {file = "lxml-5.2.1-pp39-pypy39_pp73-win_amd64.whl", hash = "sha256:d3be9b2076112e51b323bdf6d5a7f8a798de55fb8d95fcb64bd179460cdc0704"},
    {file = "lxml-5.2.1.tar.gz", hash = "sha256:3f7765e69bbce0906a7c74d5fe46d2c7a7596147318dbc08e4a2431f3060e306"},
]

[[package]]
name = "lxml-stubs"
version = "0.5.1"
summary = "Type annotations for the lxml package"
files = [
    {file = "lxml-stubs-0.5.1.tar.gz", hash = "sha256:e0ec2aa1ce92d91278b719091ce4515c12adc1d564359dfaf81efa7d4feab79d"},
    {file = "lxml_stubs-0.5.1-py3-none-any.whl", hash = "sha256:1f689e5dbc4b9247cb09ae820c7d34daeb1fdbd1db06123814b856dae7787272"},
]

[[package]]
name = "markdown-it-py"
version = "3.0.0"
requires_python = ">=3.8"
summary = "Python port of markdown-it. Markdown parsing, done right!"
dependencies = [
    "mdurl~=0.1",
]
files = [
    {file = "markdown-it-py-3.0.0.tar.gz", hash = "sha256:e3f60a94fa066dc52ec76661e37c851cb232d92f9886b15cb560aaada2df8feb"},
    {file = "markdown_it_py-3.0.0-py3-none-any.whl", hash = "sha256:355216845c60bd96232cd8d8c40e8f9765cc86f46880e43a8fd22dc1a1a8cab1"},
]

[[package]]
name = "markupsafe"
version = "2.1.3"
requires_python = ">=3.7"
summary = "Safely add untrusted strings to HTML/XML markup."
files = [
    {file = "MarkupSafe-2.1.3-cp310-cp310-macosx_10_9_universal2.whl", hash = "sha256:cd0f502fe016460680cd20aaa5a76d241d6f35a1c3350c474bac1273803893fa"},
    {file = "MarkupSafe-2.1.3-cp310-cp310-macosx_10_9_x86_64.whl", hash = "sha256:e09031c87a1e51556fdcb46e5bd4f59dfb743061cf93c4d6831bf894f125eb57"},
    {file = "MarkupSafe-2.1.3-cp310-cp310-manylinux_2_17_aarch64.manylinux2014_aarch64.whl", hash = "sha256:68e78619a61ecf91e76aa3e6e8e33fc4894a2bebe93410754bd28fce0a8a4f9f"},
    {file = "MarkupSafe-2.1.3-cp310-cp310-manylinux_2_17_x86_64.manylinux2014_x86_64.whl", hash = "sha256:65c1a9bcdadc6c28eecee2c119465aebff8f7a584dd719facdd9e825ec61ab52"},
    {file = "MarkupSafe-2.1.3-cp310-cp310-manylinux_2_5_i686.manylinux1_i686.manylinux_2_17_i686.manylinux2014_i686.whl", hash = "sha256:525808b8019e36eb524b8c68acdd63a37e75714eac50e988180b169d64480a00"},
    {file = "MarkupSafe-2.1.3-cp310-cp310-musllinux_1_1_aarch64.whl", hash = "sha256:962f82a3086483f5e5f64dbad880d31038b698494799b097bc59c2edf392fce6"},
    {file = "MarkupSafe-2.1.3-cp310-cp310-musllinux_1_1_i686.whl", hash = "sha256:aa7bd130efab1c280bed0f45501b7c8795f9fdbeb02e965371bbef3523627779"},
    {file = "MarkupSafe-2.1.3-cp310-cp310-musllinux_1_1_x86_64.whl", hash = "sha256:c9c804664ebe8f83a211cace637506669e7890fec1b4195b505c214e50dd4eb7"},
    {file = "MarkupSafe-2.1.3-cp310-cp310-win32.whl", hash = "sha256:10bbfe99883db80bdbaff2dcf681dfc6533a614f700da1287707e8a5d78a8431"},
    {file = "MarkupSafe-2.1.3-cp310-cp310-win_amd64.whl", hash = "sha256:1577735524cdad32f9f694208aa75e422adba74f1baee7551620e43a3141f559"},
    {file = "MarkupSafe-2.1.3-cp311-cp311-macosx_10_9_universal2.whl", hash = "sha256:ad9e82fb8f09ade1c3e1b996a6337afac2b8b9e365f926f5a61aacc71adc5b3c"},
    {file = "MarkupSafe-2.1.3-cp311-cp311-macosx_10_9_x86_64.whl", hash = "sha256:3c0fae6c3be832a0a0473ac912810b2877c8cb9d76ca48de1ed31e1c68386575"},
    {file = "MarkupSafe-2.1.3-cp311-cp311-manylinux_2_17_aarch64.manylinux2014_aarch64.whl", hash = "sha256:b076b6226fb84157e3f7c971a47ff3a679d837cf338547532ab866c57930dbee"},
    {file = "MarkupSafe-2.1.3-cp311-cp311-manylinux_2_17_x86_64.manylinux2014_x86_64.whl", hash = "sha256:bfce63a9e7834b12b87c64d6b155fdd9b3b96191b6bd334bf37db7ff1fe457f2"},
    {file = "MarkupSafe-2.1.3-cp311-cp311-manylinux_2_5_i686.manylinux1_i686.manylinux_2_17_i686.manylinux2014_i686.whl", hash = "sha256:338ae27d6b8745585f87218a3f23f1512dbf52c26c28e322dbe54bcede54ccb9"},
    {file = "MarkupSafe-2.1.3-cp311-cp311-musllinux_1_1_aarch64.whl", hash = "sha256:e4dd52d80b8c83fdce44e12478ad2e85c64ea965e75d66dbeafb0a3e77308fcc"},
    {file = "MarkupSafe-2.1.3-cp311-cp311-musllinux_1_1_i686.whl", hash = "sha256:df0be2b576a7abbf737b1575f048c23fb1d769f267ec4358296f31c2479db8f9"},
    {file = "MarkupSafe-2.1.3-cp311-cp311-musllinux_1_1_x86_64.whl", hash = "sha256:5bbe06f8eeafd38e5d0a4894ffec89378b6c6a625ff57e3028921f8ff59318ac"},
    {file = "MarkupSafe-2.1.3-cp311-cp311-win32.whl", hash = "sha256:dd15ff04ffd7e05ffcb7fe79f1b98041b8ea30ae9234aed2a9168b5797c3effb"},
    {file = "MarkupSafe-2.1.3-cp311-cp311-win_amd64.whl", hash = "sha256:134da1eca9ec0ae528110ccc9e48041e0828d79f24121a1a146161103c76e686"},
    {file = "MarkupSafe-2.1.3-cp312-cp312-macosx_10_9_universal2.whl", hash = "sha256:f698de3fd0c4e6972b92290a45bd9b1536bffe8c6759c62471efaa8acb4c37bc"},
    {file = "MarkupSafe-2.1.3-cp312-cp312-macosx_10_9_x86_64.whl", hash = "sha256:aa57bd9cf8ae831a362185ee444e15a93ecb2e344c8e52e4d721ea3ab6ef1823"},
    {file = "MarkupSafe-2.1.3-cp312-cp312-manylinux_2_17_aarch64.manylinux2014_aarch64.whl", hash = "sha256:ffcc3f7c66b5f5b7931a5aa68fc9cecc51e685ef90282f4a82f0f5e9b704ad11"},
    {file = "MarkupSafe-2.1.3-cp312-cp312-manylinux_2_17_x86_64.manylinux2014_x86_64.whl", hash = "sha256:47d4f1c5f80fc62fdd7777d0d40a2e9dda0a05883ab11374334f6c4de38adffd"},
    {file = "MarkupSafe-2.1.3-cp312-cp312-manylinux_2_5_i686.manylinux1_i686.manylinux_2_17_i686.manylinux2014_i686.whl", hash = "sha256:1f67c7038d560d92149c060157d623c542173016c4babc0c1913cca0564b9939"},
    {file = "MarkupSafe-2.1.3-cp312-cp312-musllinux_1_1_aarch64.whl", hash = "sha256:9aad3c1755095ce347e26488214ef77e0485a3c34a50c5a5e2471dff60b9dd9c"},
    {file = "MarkupSafe-2.1.3-cp312-cp312-musllinux_1_1_i686.whl", hash = "sha256:14ff806850827afd6b07a5f32bd917fb7f45b046ba40c57abdb636674a8b559c"},
    {file = "MarkupSafe-2.1.3-cp312-cp312-musllinux_1_1_x86_64.whl", hash = "sha256:8f9293864fe09b8149f0cc42ce56e3f0e54de883a9de90cd427f191c346eb2e1"},
    {file = "MarkupSafe-2.1.3-cp312-cp312-win32.whl", hash = "sha256:715d3562f79d540f251b99ebd6d8baa547118974341db04f5ad06d5ea3eb8007"},
    {file = "MarkupSafe-2.1.3-cp312-cp312-win_amd64.whl", hash = "sha256:1b8dd8c3fd14349433c79fa8abeb573a55fc0fdd769133baac1f5e07abf54aeb"},
    {file = "MarkupSafe-2.1.3-cp38-cp38-macosx_10_9_universal2.whl", hash = "sha256:2ef12179d3a291be237280175b542c07a36e7f60718296278d8593d21ca937d4"},
    {file = "MarkupSafe-2.1.3-cp38-cp38-macosx_10_9_x86_64.whl", hash = "sha256:2c1b19b3aaacc6e57b7e25710ff571c24d6c3613a45e905b1fde04d691b98ee0"},
    {file = "MarkupSafe-2.1.3-cp38-cp38-manylinux_2_17_aarch64.manylinux2014_aarch64.whl", hash = "sha256:8afafd99945ead6e075b973fefa56379c5b5c53fd8937dad92c662da5d8fd5ee"},
    {file = "MarkupSafe-2.1.3-cp38-cp38-manylinux_2_17_x86_64.manylinux2014_x86_64.whl", hash = "sha256:8c41976a29d078bb235fea9b2ecd3da465df42a562910f9022f1a03107bd02be"},
    {file = "MarkupSafe-2.1.3-cp38-cp38-manylinux_2_5_i686.manylinux1_i686.manylinux_2_17_i686.manylinux2014_i686.whl", hash = "sha256:d080e0a5eb2529460b30190fcfcc4199bd7f827663f858a226a81bc27beaa97e"},
    {file = "MarkupSafe-2.1.3-cp38-cp38-musllinux_1_1_aarch64.whl", hash = "sha256:69c0f17e9f5a7afdf2cc9fb2d1ce6aabdb3bafb7f38017c0b77862bcec2bbad8"},
    {file = "MarkupSafe-2.1.3-cp38-cp38-musllinux_1_1_i686.whl", hash = "sha256:504b320cd4b7eff6f968eddf81127112db685e81f7e36e75f9f84f0df46041c3"},
    {file = "MarkupSafe-2.1.3-cp38-cp38-musllinux_1_1_x86_64.whl", hash = "sha256:42de32b22b6b804f42c5d98be4f7e5e977ecdd9ee9b660fda1a3edf03b11792d"},
    {file = "MarkupSafe-2.1.3-cp38-cp38-win32.whl", hash = "sha256:ceb01949af7121f9fc39f7d27f91be8546f3fb112c608bc4029aef0bab86a2a5"},
    {file = "MarkupSafe-2.1.3-cp38-cp38-win_amd64.whl", hash = "sha256:1b40069d487e7edb2676d3fbdb2b0829ffa2cd63a2ec26c4938b2d34391b4ecc"},
    {file = "MarkupSafe-2.1.3-cp39-cp39-macosx_10_9_universal2.whl", hash = "sha256:8023faf4e01efadfa183e863fefde0046de576c6f14659e8782065bcece22198"},
    {file = "MarkupSafe-2.1.3-cp39-cp39-macosx_10_9_x86_64.whl", hash = "sha256:6b2b56950d93e41f33b4223ead100ea0fe11f8e6ee5f641eb753ce4b77a7042b"},
    {file = "MarkupSafe-2.1.3-cp39-cp39-manylinux_2_17_aarch64.manylinux2014_aarch64.whl", hash = "sha256:9dcdfd0eaf283af041973bff14a2e143b8bd64e069f4c383416ecd79a81aab58"},
    {file = "MarkupSafe-2.1.3-cp39-cp39-manylinux_2_17_x86_64.manylinux2014_x86_64.whl", hash = "sha256:05fb21170423db021895e1ea1e1f3ab3adb85d1c2333cbc2310f2a26bc77272e"},
    {file = "MarkupSafe-2.1.3-cp39-cp39-manylinux_2_5_i686.manylinux1_i686.manylinux_2_17_i686.manylinux2014_i686.whl", hash = "sha256:282c2cb35b5b673bbcadb33a585408104df04f14b2d9b01d4c345a3b92861c2c"},
    {file = "MarkupSafe-2.1.3-cp39-cp39-musllinux_1_1_aarch64.whl", hash = "sha256:ab4a0df41e7c16a1392727727e7998a467472d0ad65f3ad5e6e765015df08636"},
    {file = "MarkupSafe-2.1.3-cp39-cp39-musllinux_1_1_i686.whl", hash = "sha256:7ef3cb2ebbf91e330e3bb937efada0edd9003683db6b57bb108c4001f37a02ea"},
    {file = "MarkupSafe-2.1.3-cp39-cp39-musllinux_1_1_x86_64.whl", hash = "sha256:0a4e4a1aff6c7ac4cd55792abf96c915634c2b97e3cc1c7129578aa68ebd754e"},
    {file = "MarkupSafe-2.1.3-cp39-cp39-win32.whl", hash = "sha256:fec21693218efe39aa7f8599346e90c705afa52c5b31ae019b2e57e8f6542bb2"},
    {file = "MarkupSafe-2.1.3-cp39-cp39-win_amd64.whl", hash = "sha256:3fd4abcb888d15a94f32b75d8fd18ee162ca0c064f35b11134be77050296d6ba"},
    {file = "MarkupSafe-2.1.3.tar.gz", hash = "sha256:af598ed32d6ae86f1b747b82783958b1a4ab8f617b06fe68795c7f026abbdcad"},
]

[[package]]
name = "mccabe"
version = "0.7.0"
requires_python = ">=3.6"
summary = "McCabe checker, plugin for flake8"
files = [
    {file = "mccabe-0.7.0-py2.py3-none-any.whl", hash = "sha256:6c2d30ab6be0e4a46919781807b4f0d834ebdd6c6e3dca0bda5a15f863427b6e"},
    {file = "mccabe-0.7.0.tar.gz", hash = "sha256:348e0240c33b60bbdf4e523192ef919f28cb2c3d7d5c7794f74009290f236325"},
]

[[package]]
name = "mdurl"
version = "0.1.2"
requires_python = ">=3.7"
summary = "Markdown URL utilities"
files = [
    {file = "mdurl-0.1.2-py3-none-any.whl", hash = "sha256:84008a41e51615a49fc9966191ff91509e3c40b939176e643fd50a5c2196b8f8"},
    {file = "mdurl-0.1.2.tar.gz", hash = "sha256:bb413d29f5eea38f31dd4754dd7377d4465116fb207585f97bf925588687c1ba"},
]

[[package]]
name = "nodejs-bin"
version = "18.4.0a4"
requires_python = "~=3.5"
summary = "       Node.js is an open-source, cross-platform, back-end JavaScript\nruntime environment that runs on the V8 engine and executes JavaScript code\noutside a web browser."
files = [
    {file = "nodejs_bin-18.4.0a4-py3-none-macosx_10_9_x86_64.whl", hash = "sha256:16cb1abf7fe8c11c574e1e474d9f934a0df49a480290eae6e733d8bb09512e22"},
    {file = "nodejs_bin-18.4.0a4-py3-none-macosx_11_0_arm64.whl", hash = "sha256:068ca987ed83ea1123775fafe5dc22d8f2ff920d7d31571e1bfe6fb1093833eb"},
    {file = "nodejs_bin-18.4.0a4-py3-none-manylinux_2_12_x86_64.manylinux2010_x86_64.whl", hash = "sha256:06cfeaa4d26eec94d8edb9927525ce94eb96dadc81f7d1daed42d1a7d003a4c9"},
    {file = "nodejs_bin-18.4.0a4-py3-none-manylinux_2_17_aarch64.manylinux2014_aarch64.whl", hash = "sha256:431ee3529f4fb226ddcfd4f14cb37e7df31238c42dfd051f4bf8f0c21029b133"},
    {file = "nodejs_bin-18.4.0a4-py3-none-manylinux_2_17_armv7l.manylinux2014_armv7l.whl", hash = "sha256:21f1f77ddc8fe05353bb6d6ee8e5a62edb3a8dcdb2740a5f9307fd8d9eef6691"},
    {file = "nodejs_bin-18.4.0a4-py3-none-win32.whl", hash = "sha256:59671fdc563dabb8be8a0b6dae4169d780482b3c9e0fba3f9aa2b7ee8d2261ac"},
    {file = "nodejs_bin-18.4.0a4-py3-none-win_amd64.whl", hash = "sha256:cbd509218b4b17f75ee7841f9c21d5cacc1626d3b823a652a6627dbad18228ec"},
]

[[package]]
name = "packaging"
version = "23.2"
requires_python = ">=3.7"
summary = "Core utilities for Python packages"
files = [
    {file = "packaging-23.2-py3-none-any.whl", hash = "sha256:8c491190033a9af7e1d931d0b5dacc2ef47509b34dd0de67ed209b5203fc88c7"},
    {file = "packaging-23.2.tar.gz", hash = "sha256:048fb0e9405036518eaaf48a55953c750c11e1a1b68e0dd1a9d62ed0c092cfc5"},
]

[[package]]
name = "pathspec"
version = "0.11.2"
requires_python = ">=3.7"
summary = "Utility library for gitignore style pattern matching of file paths."
files = [
    {file = "pathspec-0.11.2-py3-none-any.whl", hash = "sha256:1d6ed233af05e679efb96b1851550ea95bbb64b7c490b0f5aa52996c11e92a20"},
    {file = "pathspec-0.11.2.tar.gz", hash = "sha256:e0d8d0ac2f12da61956eb2306b69f9469b42f4deb0f3cb6ed47b9cce9996ced3"},
]

[[package]]
name = "pdoc"
version = "14.4.0"
requires_python = ">=3.8"
summary = "API Documentation for Python Projects"
dependencies = [
    "Jinja2>=2.11.0",
    "MarkupSafe",
    "astunparse; python_version < \"3.9\"",
    "pygments>=2.12.0",
]
files = [
    {file = "pdoc-14.4.0-py3-none-any.whl", hash = "sha256:6ea4fe07620b1f7601e2708a307a257636ec206e20b5611640b30f2e3cab47d6"},
    {file = "pdoc-14.4.0.tar.gz", hash = "sha256:c92edc425429ccbe287ace2a027953c24f13de53eab484c1a6d31ca72dd2fda9"},
]

[[package]]
name = "platformdirs"
version = "3.8.1"
requires_python = ">=3.7"
summary = "A small Python package for determining appropriate platform-specific dirs, e.g. a \"user data dir\"."
files = [
    {file = "platformdirs-3.8.1-py3-none-any.whl", hash = "sha256:cec7b889196b9144d088e4c57d9ceef7374f6c39694ad1577a0aab50d27ea28c"},
    {file = "platformdirs-3.8.1.tar.gz", hash = "sha256:f87ca4fcff7d2b0f81c6a748a77973d7af0f4d526f98f308477c3c436c74d528"},
]

[[package]]
name = "pluggy"
version = "1.4.0"
requires_python = ">=3.8"
summary = "plugin and hook calling mechanisms for python"
files = [
    {file = "pluggy-1.4.0-py3-none-any.whl", hash = "sha256:7db9f7b503d67d1c5b95f59773ebb58a8c1c288129a88665838012cfb07b8981"},
    {file = "pluggy-1.4.0.tar.gz", hash = "sha256:8c85c2876142a764e5b7548e7d9a0e0ddb46f5185161049a79b7e974454223be"},
]

[[package]]
name = "pygments"
version = "2.16.1"
requires_python = ">=3.7"
summary = "Pygments is a syntax highlighting package written in Python."
files = [
    {file = "Pygments-2.16.1-py3-none-any.whl", hash = "sha256:13fc09fa63bc8d8671a6d247e1eb303c4b343eaee81d861f3404db2935653692"},
    {file = "Pygments-2.16.1.tar.gz", hash = "sha256:1daff0494820c69bc8941e407aa20f577374ee88364ee10a98fdbe0aece96e29"},
]

[[package]]
name = "pylint"
version = "3.2.0.dev0"
requires_python = ">=3.8.0"
git = "https://github.com/pylint-dev/pylint"
ref = "e5e6ca713b3e8ce8037ca8bd2d39154b1df016e7"
revision = "e5e6ca713b3e8ce8037ca8bd2d39154b1df016e7"
summary = "python code static checker"
dependencies = [
    "astroid<=3.2.0-dev0,>=3.1.0",
    "colorama>=0.4.5; sys_platform == \"win32\"",
    "dill>=0.2; python_version < \"3.11\"",
    "dill>=0.3.6; python_version >= \"3.11\"",
    "dill>=0.3.7; python_version >= \"3.12\"",
    "isort!=5.13.0,<6,>=4.2.5",
    "mccabe<0.8,>=0.6",
    "platformdirs>=2.2.0",
    "tomli>=1.1.0; python_version < \"3.11\"",
    "tomlkit>=0.10.1",
    "typing-extensions>=3.10.0; python_version < \"3.10\"",
]

[[package]]
name = "pytest"
version = "8.1.1"
requires_python = ">=3.8"
summary = "pytest: simple powerful testing with Python"
dependencies = [
    "colorama; sys_platform == \"win32\"",
    "exceptiongroup>=1.0.0rc8; python_version < \"3.11\"",
    "iniconfig",
    "packaging",
    "pluggy<2.0,>=1.4",
    "tomli>=1; python_version < \"3.11\"",
]
files = [
    {file = "pytest-8.1.1-py3-none-any.whl", hash = "sha256:2a8386cfc11fa9d2c50ee7b2a57e7d898ef90470a7a34c4b949ff59662bb78b7"},
    {file = "pytest-8.1.1.tar.gz", hash = "sha256:ac978141a75948948817d360297b7aae0fcb9d6ff6bc9ec6d514b85d5a65c044"},
]

[[package]]
name = "pytest-xdist"
version = "3.5.0"
requires_python = ">=3.7"
summary = "pytest xdist plugin for distributed testing, most importantly across multiple CPUs"
dependencies = [
    "execnet>=1.1",
    "pytest>=6.2.0",
]
files = [
    {file = "pytest-xdist-3.5.0.tar.gz", hash = "sha256:cbb36f3d67e0c478baa57fa4edc8843887e0f6cfc42d677530a36d7472b32d8a"},
    {file = "pytest_xdist-3.5.0-py3-none-any.whl", hash = "sha256:d075629c7e00b611df89f490a5063944bee7a4362a5ff11c7cc7824a03dfce24"},
]

[[package]]
name = "python-dateutil"
version = "2.8.2"
requires_python = "!=3.0.*,!=3.1.*,!=3.2.*,>=2.7"
summary = "Extensions to the standard Python datetime module"
dependencies = [
    "six>=1.5",
]
files = [
    {file = "python-dateutil-2.8.2.tar.gz", hash = "sha256:0123cacc1627ae19ddf3c27a5de5bd67ee4586fbdd6440d9748f8abb483d3e86"},
    {file = "python_dateutil-2.8.2-py2.py3-none-any.whl", hash = "sha256:961d03dc3453ebbc59dbdea9e4e11c5651520a876d0f4db161e8674aae935da9"},
]

[[package]]
name = "pytz"
version = "2023.3.post1"
summary = "World timezone definitions, modern and historical"
files = [
    {file = "pytz-2023.3.post1-py2.py3-none-any.whl", hash = "sha256:ce42d816b81b68506614c11e8937d3aa9e41007ceb50bfdcb0749b921bf646c7"},
    {file = "pytz-2023.3.post1.tar.gz", hash = "sha256:7b4fddbeb94a1eba4b557da24f19fdf9db575192544270a9101d8509f9f43d7b"},
]

[[package]]
name = "rich"
version = "13.6.0"
requires_python = ">=3.7.0"
summary = "Render rich text, tables, progress bars, syntax highlighting, markdown and more to the terminal"
dependencies = [
    "markdown-it-py>=2.2.0",
    "pygments<3.0.0,>=2.13.0",
    "typing-extensions<5.0,>=4.0.0; python_version < \"3.9\"",
]
files = [
    {file = "rich-13.6.0-py3-none-any.whl", hash = "sha256:2b38e2fe9ca72c9a00170a1a2d20c63c790d0e10ef1fe35eba76e1e7b1d7d245"},
    {file = "rich-13.6.0.tar.gz", hash = "sha256:5c14d22737e6d5084ef4771b62d5d4363165b403455a30a1c8ca39dc7b644bef"},
]

[[package]]
name = "rich-click"
version = "1.6.1"
requires_python = ">=3.7"
summary = "Format click help output nicely with rich"
dependencies = [
    "click>=7",
    "rich>=10.7.0",
]
files = [
    {file = "rich-click-1.6.1.tar.gz", hash = "sha256:f8ff96693ec6e261d1544e9f7d9a5811c5ef5d74c8adb4978430fc0dac16777e"},
    {file = "rich_click-1.6.1-py3-none-any.whl", hash = "sha256:0fcf4d1a09029d79322dd814ab0b2e66ac183633037561881d45abae8a161d95"},
]

[[package]]
name = "robotframework"
version = "7.0"
requires_python = ">=3.8"
summary = "Generic automation framework for acceptance testing and robotic process automation (RPA)"
files = [
    {file = "robotframework-7.0-py3-none-any.whl", hash = "sha256:865f427c4e4ec8c0b71a24dedbdad6668adfecc9fce04d77d02e1b8e54b77f41"},
    {file = "robotframework-7.0.zip", hash = "sha256:04623f758346c917db182e17591ffa474090560c02ed5a64343902e72b7b4bd5"},
]

[[package]]
name = "robotframework-robocop"
version = "5.0.3"
requires_python = ">=3.8"
summary = "Static code analysis tool (linter) for Robot Framework"
dependencies = [
    "jinja2<4.0,>=3.0",
    "pathspec<0.13,>=0.9",
    "platformdirs<4.2.0,>=3.2.0",
    "python-dateutil>=2.8.2",
    "pytz>=2022.7",
    "robotframework>=3.2.2",
    "tomli>=2.0.0",
]
files = [
    {file = "robotframework-robocop-5.0.3.tar.gz", hash = "sha256:2f47b7893815dbc333e313a02f528923d7fbf49a5fe20f3cc2dee6c314a1bdde"},
    {file = "robotframework_robocop-5.0.3-py3-none-any.whl", hash = "sha256:a60365f1bc8640fab880ab6cc4b33d64e55f38be96b024fb680960878a8f06a3"},
]

[[package]]
name = "robotframework-tidy"
version = "4.11.0"
requires_python = ">=3.7"
summary = "Code autoformatter for Robot Framework"
dependencies = [
    "click==8.1.*",
    "colorama<0.4.7,>=0.4.3",
    "jinja2<4.0,>=3.1.3",
    "pathspec<0.12.2,>=0.9.0",
    "rich-click<1.7.5,>=1.4",
    "robotframework<8.0,>=4.0",
    "tomli==2.0.*",
]
files = [
    {file = "robotframework-tidy-4.11.0.tar.gz", hash = "sha256:255cad777a2bd24a5744164aceb57a15d14066b873601860c6504500f549af5e"},
    {file = "robotframework_tidy-4.11.0-py3-none-any.whl", hash = "sha256:41897f5d0c6d1884f8420d6ca4e5dde98f0dd312b02a90e88745f6300c32cf3c"},
]

[[package]]
name = "ruff"
version = "0.3.5"
requires_python = ">=3.7"
summary = "An extremely fast Python linter and code formatter, written in Rust."
files = [
    {file = "ruff-0.3.5-py3-none-macosx_10_12_x86_64.macosx_11_0_arm64.macosx_10_12_universal2.whl", hash = "sha256:aef5bd3b89e657007e1be6b16553c8813b221ff6d92c7526b7e0227450981eac"},
    {file = "ruff-0.3.5-py3-none-macosx_10_12_x86_64.whl", hash = "sha256:89b1e92b3bd9fca249153a97d23f29bed3992cff414b222fcd361d763fc53f12"},
    {file = "ruff-0.3.5-py3-none-manylinux_2_17_aarch64.manylinux2014_aarch64.whl", hash = "sha256:5e55771559c89272c3ebab23326dc23e7f813e492052391fe7950c1a5a139d89"},
    {file = "ruff-0.3.5-py3-none-manylinux_2_17_armv7l.manylinux2014_armv7l.whl", hash = "sha256:dabc62195bf54b8a7876add6e789caae0268f34582333cda340497c886111c39"},
    {file = "ruff-0.3.5-py3-none-manylinux_2_17_i686.manylinux2014_i686.whl", hash = "sha256:3a05f3793ba25f194f395578579c546ca5d83e0195f992edc32e5907d142bfa3"},
    {file = "ruff-0.3.5-py3-none-manylinux_2_17_ppc64.manylinux2014_ppc64.whl", hash = "sha256:dfd3504e881082959b4160ab02f7a205f0fadc0a9619cc481982b6837b2fd4c0"},
    {file = "ruff-0.3.5-py3-none-manylinux_2_17_ppc64le.manylinux2014_ppc64le.whl", hash = "sha256:87258e0d4b04046cf1d6cc1c56fadbf7a880cc3de1f7294938e923234cf9e498"},
    {file = "ruff-0.3.5-py3-none-manylinux_2_17_s390x.manylinux2014_s390x.whl", hash = "sha256:712e71283fc7d9f95047ed5f793bc019b0b0a29849b14664a60fd66c23b96da1"},
    {file = "ruff-0.3.5-py3-none-manylinux_2_17_x86_64.manylinux2014_x86_64.whl", hash = "sha256:a532a90b4a18d3f722c124c513ffb5e5eaff0cc4f6d3aa4bda38e691b8600c9f"},
    {file = "ruff-0.3.5-py3-none-musllinux_1_2_aarch64.whl", hash = "sha256:122de171a147c76ada00f76df533b54676f6e321e61bd8656ae54be326c10296"},
    {file = "ruff-0.3.5-py3-none-musllinux_1_2_armv7l.whl", hash = "sha256:d80a6b18a6c3b6ed25b71b05eba183f37d9bc8b16ace9e3d700997f00b74660b"},
    {file = "ruff-0.3.5-py3-none-musllinux_1_2_i686.whl", hash = "sha256:a7b6e63194c68bca8e71f81de30cfa6f58ff70393cf45aab4c20f158227d5936"},
    {file = "ruff-0.3.5-py3-none-musllinux_1_2_x86_64.whl", hash = "sha256:a759d33a20c72f2dfa54dae6e85e1225b8e302e8ac655773aff22e542a300985"},
    {file = "ruff-0.3.5-py3-none-win32.whl", hash = "sha256:9d8605aa990045517c911726d21293ef4baa64f87265896e491a05461cae078d"},
    {file = "ruff-0.3.5-py3-none-win_amd64.whl", hash = "sha256:dc56bb16a63c1303bd47563c60482a1512721053d93231cf7e9e1c6954395a0e"},
    {file = "ruff-0.3.5-py3-none-win_arm64.whl", hash = "sha256:faeeae9905446b975dcf6d4499dc93439b131f1443ee264055c5716dd947af55"},
    {file = "ruff-0.3.5.tar.gz", hash = "sha256:a067daaeb1dc2baf9b82a32dae67d154d95212080c80435eb052d95da647763d"},
]

[[package]]
name = "six"
version = "1.16.0"
requires_python = ">=2.7, !=3.0.*, !=3.1.*, !=3.2.*"
summary = "Python 2 and 3 compatibility utilities"
files = [
    {file = "six-1.16.0-py2.py3-none-any.whl", hash = "sha256:8abb2f1d86890a2dfb989f9a77cfcfd3e47c2a354b01111771326f8aa26e0254"},
    {file = "six-1.16.0.tar.gz", hash = "sha256:1e61c37477a1626458e36f7b1d82aa5c9b094fa4802892072e49de9c60c4c926"},
]

[[package]]
name = "tomli"
version = "2.0.1"
requires_python = ">=3.7"
summary = "A lil' TOML parser"
files = [
    {file = "tomli-2.0.1-py3-none-any.whl", hash = "sha256:939de3e7a6161af0c887ef91b7d41a53e7c5a1ca976325f429cb46ea9bc30ecc"},
    {file = "tomli-2.0.1.tar.gz", hash = "sha256:de526c12914f0c550d15924c62d72abc48d6fe7364aa87328337a31007fe8a4f"},
]

[[package]]
name = "tomlkit"
version = "0.12.1"
requires_python = ">=3.7"
summary = "Style preserving TOML library"
files = [
    {file = "tomlkit-0.12.1-py3-none-any.whl", hash = "sha256:712cbd236609acc6a3e2e97253dfc52d4c2082982a88f61b640ecf0817eab899"},
    {file = "tomlkit-0.12.1.tar.gz", hash = "sha256:38e1ff8edb991273ec9f6181244a6a391ac30e9f5098e7535640ea6be97a7c86"},
]

[[package]]
name = "typing-extensions"
version = "4.8.0"
requires_python = ">=3.8"
summary = "Backported and Experimental Type Hints for Python 3.8+"
files = [
    {file = "typing_extensions-4.8.0-py3-none-any.whl", hash = "sha256:8f92fc8806f9a6b641eaa5318da32b44d401efaac0f6678c9bc448ba3605faa0"},
    {file = "typing_extensions-4.8.0.tar.gz", hash = "sha256:df8e4339e9cb77357558cbdbceca33c303714cf861d1eef15e1070055ae8b7ef"},
]

[[package]]
name = "wheel"
version = "0.41.3"
requires_python = ">=3.7"
summary = "A built-package format for Python"
files = [
    {file = "wheel-0.41.3-py3-none-any.whl", hash = "sha256:488609bc63a29322326e05560731bf7bfea8e48ad646e1f5e40d366607de0942"},
    {file = "wheel-0.41.3.tar.gz", hash = "sha256:4d4987ce51a49370ea65c0bfd2234e8ce80a12780820d9dc462597a6e60d0841"},
]
