# generated by rye
# use `rye lock` or `rye sync` to update this lockfile
#
# last locked with the following flags:
#   pre: false
#   features: []
#   all-features: false
#   with-sources: false

-e file:.
ansi2html==1.9.1
    # via pytest-robotframework
astroid==3.1.0
    # via pylint
basedpyright==1.7.0
basedtyping==0.1.3
    # via pytest-robotframework
click==8.1.7
    # via rich-click
    # via robotframework-tidy
colorama==0.4.6
    # via click
    # via pylint
    # via pytest
    # via robotframework-tidy
dill==0.3.8
    # via pylint
execnet==2.0.2
    # via pytest-xdist
iniconfig==2.0.0
    # via pytest
isort==5.13.2
    # via pylint
jinja2==3.1.3
    # via pdoc
    # via robotframework-robocop
    # via robotframework-tidy
lxml==5.1.0
lxml-stubs==0.5.1
markdown-it-py==3.0.0
    # via rich
markupsafe==2.1.5
    # via jinja2
    # via pdoc
mccabe==0.7.0
    # via pylint
mdurl==0.1.2
    # via markdown-it-py
nodejs-bin==18.4.0a4
    # via basedpyright
packaging==24.0
    # via pytest
pathspec==0.12.1
    # via robotframework-robocop
    # via robotframework-tidy
pdoc==14.4.0
platformdirs==4.1.0
    # via pylint
    # via robotframework-robocop
pluggy==1.4.0
    # via pytest
pygments==2.17.2
    # via pdoc
    # via rich
pylint==3.1.0
pytest==8.1.1
    # via pytest-robotframework
    # via pytest-xdist
pytest-xdist==3.5.0
python-dateutil==2.9.0.post0
    # via robotframework-robocop
pytz==2024.1
    # via robotframework-robocop
rich==13.7.1
    # via rich-click
rich-click==1.7.4
    # via robotframework-tidy
robotframework==7.0
    # via pytest-robotframework
    # via robotframework-robocop
    # via robotframework-tidy
robotframework-robocop==5.0.3
robotframework-tidy==4.11.0
ruff==0.3.4
six==1.16.0
    # via python-dateutil
tomli==2.0.1
    # via robotframework-robocop
    # via robotframework-tidy
tomlkit==0.12.4
    # via pylint
typing-extensions==4.10.0
    # via basedtyping
    # via rich-click
